
Microsoft Visual Studio Solution File, Format Version 12.00
# Visual Studio Version 17
VisualStudioVersion = 17.3.32901.215
MinimumVisualStudioVersion = 10.0.40219.1
Project("{FAE04EC0-301F-11D3-BF4B-00C04F79EFBC}") = "oefening2", "oefening2\oefening2.csproj", "{0772C7D8-69F9-4B3E-9FB6-F77FDDE1E116}"
EndProject
Global
	GlobalSection(SolutionConfigurationPlatforms) = preSolution
		Debug|Any CPU = Debug|Any CPU
		Release|Any CPU = Release|Any CPU
	EndGlobalSection
	GlobalSection(ProjectConfigurationPlatforms) = postSolution
		{0772C7D8-69F9-4B3E-9FB6-F77FDDE1E116}.Debug|Any CPU.ActiveCfg = Debug|Any CPU
		{0772C7D8-69F9-4B3E-9FB6-F77FDDE1E116}.Debug|Any CPU.Build.0 = Debug|Any CPU
		{0772C7D8-69F9-4B3E-9FB6-F77FDDE1E116}.Release|Any CPU.ActiveCfg = Release|Any CPU
		{0772C7D8-69F9-4B3E-9FB6-F77FDDE1E116}.Release|Any CPU.Build.0 = Release|Any CPU
	EndGlobalSection
	GlobalSection(SolutionProperties) = preSolution
		HideSolutionNode = FALSE
	EndGlobalSection
	GlobalSection(ExtensibilityGlobals) = postSolution
		SolutionGuid = {F777046F-8D6D-4DEC-B17B-4B4473C236DA}
	EndGlobalSection
EndGlobal
